
Microsoft Visual Studio Solution File, Format Version 12.00
# Visual Studio Version 16
VisualStudioVersion = 16.0.29418.71
MinimumVisualStudioVersion = 10.0.40219.1
Project("{FAE04EC0-301F-11D3-BF4B-00C04F79EFBC}") = "WindowsFormsApp1", "WindowsFormsApp1\WindowsFormsApp1.csproj", "{CD2A2EAD-8D75-4A42-90C3-29CE15AF80D8}"
EndProject
Global
	GlobalSection(SolutionConfigurationPlatforms) = preSolution
		Debug|Any CPU = Debug|Any CPU
		Release|Any CPU = Release|Any CPU
	EndGlobalSection
	GlobalSection(ProjectConfigurationPlatforms) = postSolution
		{CD2A2EAD-8D75-4A42-90C3-29CE15AF80D8}.Debug|Any CPU.ActiveCfg = Debug|Any CPU
		{CD2A2EAD-8D75-4A42-90C3-29CE15AF80D8}.Debug|Any CPU.Build.0 = Debug|Any CPU
		{CD2A2EAD-8D75-4A42-90C3-29CE15AF80D8}.Release|Any CPU.ActiveCfg = Release|Any CPU
		{CD2A2EAD-8D75-4A42-90C3-29CE15AF80D8}.Release|Any CPU.Build.0 = Release|Any CPU
	EndGlobalSection
	GlobalSection(SolutionProperties) = preSolution
		HideSolutionNode = FALSE
	EndGlobalSection
	GlobalSection(ExtensibilityGlobals) = postSolution
		SolutionGuid = {231410EC-2333-4C5C-96C3-432044A72E69}
	EndGlobalSection
EndGlobal
